
Microsoft Visual Studio Solution File, Format Version 12.00
# Visual Studio Version 16
VisualStudioVersion = 16.0.30907.101
MinimumVisualStudioVersion = 10.0.40219.1
Project("{9A19103F-16F7-4668-BE54-9A1E7A4F7556}") = "BTI-Project1-API", "BTI-Project1-API\BTI-Project1-API.csproj", "{1C550612-20B6-42D5-8BAE-7E25FC61BE2E}"
EndProject
Global
	GlobalSection(SolutionConfigurationPlatforms) = preSolution
		Debug|Any CPU = Debug|Any CPU
		Release|Any CPU = Release|Any CPU
	EndGlobalSection
	GlobalSection(ProjectConfigurationPlatforms) = postSolution
		{1C550612-20B6-42D5-8BAE-7E25FC61BE2E}.Debug|Any CPU.ActiveCfg = Debug|Any CPU
		{1C550612-20B6-42D5-8BAE-7E25FC61BE2E}.Debug|Any CPU.Build.0 = Debug|Any CPU
		{1C550612-20B6-42D5-8BAE-7E25FC61BE2E}.Release|Any CPU.ActiveCfg = Release|Any CPU
		{1C550612-20B6-42D5-8BAE-7E25FC61BE2E}.Release|Any CPU.Build.0 = Release|Any CPU
	EndGlobalSection
	GlobalSection(SolutionProperties) = preSolution
		HideSolutionNode = FALSE
	EndGlobalSection
	GlobalSection(ExtensibilityGlobals) = postSolution
		SolutionGuid = {A6D47323-559C-4AA4-B85F-C82E0DCDDF9B}
	EndGlobalSection
EndGlobal
